// !$*UTF8*$!
{
	archiveVersion = 1;
	classes = {
	};
	objectVersion = 56;
	objects = {

/* Begin PBXBuildFile section */
		0A656BDF2BC6D8B4009FF453 /* ChartLib in Frameworks */ = {isa = PBXBuildFile; productRef = 0A656BDE2BC6D8B4009FF453 /* ChartLib */; };
		0AC800D12BB017AE00F9950A /* MyFinanceApp.swift in Sources */ = {isa = PBXBuildFile; fileRef = 0AC800D02BB017AE00F9950A /* MyFinanceApp.swift */; };
		0AC800D32BB017AE00F9950A /* FinanceView.swift in Sources */ = {isa = PBXBuildFile; fileRef = 0AC800D22BB017AE00F9950A /* FinanceView.swift */; };
		0AC800D52BB017AF00F9950A /* Assets.xcassets in Resources */ = {isa = PBXBuildFile; fileRef = 0AC800D42BB017AF00F9950A /* Assets.xcassets */; };
		0AC800D82BB017AF00F9950A /* Preview Assets.xcassets in Resources */ = {isa = PBXBuildFile; fileRef = 0AC800D72BB017AF00F9950A /* Preview Assets.xcassets */; };
		0AC800E32BB017AF00F9950A /* MyFinanceTests.swift in Sources */ = {isa = PBXBuildFile; fileRef = 0AC800E22BB017AF00F9950A /* MyFinanceTests.swift */; };
		0AC800ED2BB017AF00F9950A /* MyFinanceUITests.swift in Sources */ = {isa = PBXBuildFile; fileRef = 0AC800EC2BB017AF00F9950A /* MyFinanceUITests.swift */; };
		0AC800EF2BB017AF00F9950A /* MyFinanceUITestsLaunchTests.swift in Sources */ = {isa = PBXBuildFile; fileRef = 0AC800EE2BB017AF00F9950A /* MyFinanceUITestsLaunchTests.swift */; };
		0AC800FC2BB01BBF00F9950A /* FinanceViewModel.swift in Sources */ = {isa = PBXBuildFile; fileRef = 0AC800FB2BB01BBF00F9950A /* FinanceViewModel.swift */; };
		0AC800FE2BB0773000F9950A /* Extesion+String.swift in Sources */ = {isa = PBXBuildFile; fileRef = 0AC800FD2BB0773000F9950A /* Extesion+String.swift */; };
/* End PBXBuildFile section */

/* Begin PBXContainerItemProxy section */
		0AC800DF2BB017AF00F9950A /* PBXContainerItemProxy */ = {
			isa = PBXContainerItemProxy;
			containerPortal = 0AC800C52BB017AE00F9950A /* Project object */;
			proxyType = 1;
			remoteGlobalIDString = 0AC800CC2BB017AE00F9950A;
			remoteInfo = MyFinance;
		};
		0AC800E92BB017AF00F9950A /* PBXContainerItemProxy */ = {
			isa = PBXContainerItemProxy;
			containerPortal = 0AC800C52BB017AE00F9950A /* Project object */;
			proxyType = 1;
			remoteGlobalIDString = 0AC800CC2BB017AE00F9950A;
			remoteInfo = MyFinance;
		};
/* End PBXContainerItemProxy section */

/* Begin PBXFileReference section */
		0A656BDC2BC6D8AA009FF453 /* ChartLib */ = {isa = PBXFileReference; lastKnownFileType = wrapper; path = ChartLib; sourceTree = SOURCE_ROOT; };
		0AC800CD2BB017AE00F9950A /* MyFinance.app */ = {isa = PBXFileReference; explicitFileType = wrapper.application; includeInIndex = 0; path = MyFinance.app; sourceTree = BUILT_PRODUCTS_DIR; };
		0AC800D02BB017AE00F9950A /* MyFinanceApp.swift */ = {isa = PBXFileReference; lastKnownFileType = sourcecode.swift; path = MyFinanceApp.swift; sourceTree = "<group>"; };
		0AC800D22BB017AE00F9950A /* FinanceView.swift */ = {isa = PBXFileReference; lastKnownFileType = sourcecode.swift; path = FinanceView.swift; sourceTree = "<group>"; };
		0AC800D42BB017AF00F9950A /* Assets.xcassets */ = {isa = PBXFileReference; lastKnownFileType = folder.assetcatalog; path = Assets.xcassets; sourceTree = "<group>"; };
		0AC800D72BB017AF00F9950A /* Preview Assets.xcassets */ = {isa = PBXFileReference; lastKnownFileType = folder.assetcatalog; path = "Preview Assets.xcassets"; sourceTree = "<group>"; };
		0AC800D92BB017AF00F9950A /* MyFinance.entitlements */ = {isa = PBXFileReference; lastKnownFileType = text.plist.entitlements; path = MyFinance.entitlements; sourceTree = "<group>"; };
		0AC800DE2BB017AF00F9950A /* MyFinanceTests.xctest */ = {isa = PBXFileReference; explicitFileType = wrapper.cfbundle; includeInIndex = 0; path = MyFinanceTests.xctest; sourceTree = BUILT_PRODUCTS_DIR; };
		0AC800E22BB017AF00F9950A /* MyFinanceTests.swift */ = {isa = PBXFileReference; lastKnownFileType = sourcecode.swift; path = MyFinanceTests.swift; sourceTree = "<group>"; };
		0AC800E82BB017AF00F9950A /* MyFinanceUITests.xctest */ = {isa = PBXFileReference; explicitFileType = wrapper.cfbundle; includeInIndex = 0; path = MyFinanceUITests.xctest; sourceTree = BUILT_PRODUCTS_DIR; };
		0AC800EC2BB017AF00F9950A /* MyFinanceUITests.swift */ = {isa = PBXFileReference; lastKnownFileType = sourcecode.swift; path = MyFinanceUITests.swift; sourceTree = "<group>"; };
		0AC800EE2BB017AF00F9950A /* MyFinanceUITestsLaunchTests.swift */ = {isa = PBXFileReference; lastKnownFileType = sourcecode.swift; path = MyFinanceUITestsLaunchTests.swift; sourceTree = "<group>"; };
		0AC800FB2BB01BBF00F9950A /* FinanceViewModel.swift */ = {isa = PBXFileReference; lastKnownFileType = sourcecode.swift; path = FinanceViewModel.swift; sourceTree = "<group>"; };
		0AC800FD2BB0773000F9950A /* Extesion+String.swift */ = {isa = PBXFileReference; lastKnownFileType = sourcecode.swift; path = "Extesion+String.swift"; sourceTree = "<group>"; };
/* End PBXFileReference section */

/* Begin PBXFrameworksBuildPhase section */
		0AC800CA2BB017AE00F9950A /* Frameworks */ = {
			isa = PBXFrameworksBuildPhase;
			buildActionMask = 2147483647;
			files = (
			);
			runOnlyForDeploymentPostprocessing = 0;
		};
		0AC800DB2BB017AF00F9950A /* Frameworks */ = {
			isa = PBXFrameworksBuildPhase;
			buildActionMask = 2147483647;
			files = (
			);
			runOnlyForDeploymentPostprocessing = 0;
		};
		0AC800E52BB017AF00F9950A /* Frameworks */ = {
			isa = PBXFrameworksBuildPhase;
			buildActionMask = 2147483647;
			files = (
				0A656BDF2BC6D8B4009FF453 /* ChartLib in Frameworks */,
			);
			runOnlyForDeploymentPostprocessing = 0;
		};
/* End PBXFrameworksBuildPhase section */

/* Begin PBXGroup section */
		0A656BDD2BC6D8B4009FF453 /* Frameworks */ = {
			isa = PBXGroup;
			children = (
			);
			name = Frameworks;
			sourceTree = "<group>";
		};
		0AC800C42BB017AE00F9950A = {
			isa = PBXGroup;
			children = (
				0AC800CF2BB017AE00F9950A /* MyFinance */,
				0AC800E12BB017AF00F9950A /* MyFinanceTests */,
				0AC800EB2BB017AF00F9950A /* MyFinanceUITests */,
				0AC800CE2BB017AE00F9950A /* Products */,
				0A656BDD2BC6D8B4009FF453 /* Frameworks */,
			);
			sourceTree = "<group>";
		};
		0AC800CE2BB017AE00F9950A /* Products */ = {
			isa = PBXGroup;
			children = (
				0AC800CD2BB017AE00F9950A /* MyFinance.app */,
				0AC800DE2BB017AF00F9950A /* MyFinanceTests.xctest */,
				0AC800E82BB017AF00F9950A /* MyFinanceUITests.xctest */,
			);
			name = Products;
			sourceTree = "<group>";
		};
		0AC800CF2BB017AE00F9950A /* MyFinance */ = {
			isa = PBXGroup;
			children = (
				0A656BDC2BC6D8AA009FF453 /* ChartLib */,
				0AC800D02BB017AE00F9950A /* MyFinanceApp.swift */,
				0AC800D22BB017AE00F9950A /* FinanceView.swift */,
				0AC800FB2BB01BBF00F9950A /* FinanceViewModel.swift */,
				0AC800D42BB017AF00F9950A /* Assets.xcassets */,
				0AC800D92BB017AF00F9950A /* MyFinance.entitlements */,
				0AC800D62BB017AF00F9950A /* Preview Content */,
				0AC800FD2BB0773000F9950A /* Extesion+String.swift */,
			);
			path = MyFinance;
			sourceTree = "<group>";
		};
		0AC800D62BB017AF00F9950A /* Preview Content */ = {
			isa = PBXGroup;
			children = (
				0AC800D72BB017AF00F9950A /* Preview Assets.xcassets */,
			);
			path = "Preview Content";
			sourceTree = "<group>";
		};
		0AC800E12BB017AF00F9950A /* MyFinanceTests */ = {
			isa = PBXGroup;
			children = (
				0AC800E22BB017AF00F9950A /* MyFinanceTests.swift */,
			);
			path = MyFinanceTests;
			sourceTree = "<group>";
		};
		0AC800EB2BB017AF00F9950A /* MyFinanceUITests */ = {
			isa = PBXGroup;
			children = (
				0AC800EC2BB017AF00F9950A /* MyFinanceUITests.swift */,
				0AC800EE2BB017AF00F9950A /* MyFinanceUITestsLaunchTests.swift */,
			);
			path = MyFinanceUITests;
			sourceTree = "<group>";
		};
/* End PBXGroup section */

/* Begin PBXNativeTarget section */
		0AC800CC2BB017AE00F9950A /* MyFinance */ = {
			isa = PBXNativeTarget;
			buildConfigurationList = 0AC800F22BB017AF00F9950A /* Build configuration list for PBXNativeTarget "MyFinance" */;
			buildPhases = (
				0AC800C92BB017AE00F9950A /* Sources */,
				0AC800CA2BB017AE00F9950A /* Frameworks */,
				0AC800CB2BB017AE00F9950A /* Resources */,
			);
			buildRules = (
			);
			dependencies = (
			);
			name = MyFinance;
			productName = MyFinance;
			productReference = 0AC800CD2BB017AE00F9950A /* MyFinance.app */;
			productType = "com.apple.product-type.application";
		};
		0AC800DD2BB017AF00F9950A /* MyFinanceTests */ = {
			isa = PBXNativeTarget;
			buildConfigurationList = 0AC800F52BB017AF00F9950A /* Build configuration list for PBXNativeTarget "MyFinanceTests" */;
			buildPhases = (
				0AC800DA2BB017AF00F9950A /* Sources */,
				0AC800DB2BB017AF00F9950A /* Frameworks */,
				0AC800DC2BB017AF00F9950A /* Resources */,
			);
			buildRules = (
			);
			dependencies = (
				0AC800E02BB017AF00F9950A /* PBXTargetDependency */,
			);
			name = MyFinanceTests;
			productName = MyFinanceTests;
			productReference = 0AC800DE2BB017AF00F9950A /* MyFinanceTests.xctest */;
			productType = "com.apple.product-type.bundle.unit-test";
		};
		0AC800E72BB017AF00F9950A /* MyFinanceUITests */ = {
			isa = PBXNativeTarget;
			buildConfigurationList = 0AC800F82BB017AF00F9950A /* Build configuration list for PBXNativeTarget "MyFinanceUITests" */;
			buildPhases = (
				0AC800E42BB017AF00F9950A /* Sources */,
				0AC800E52BB017AF00F9950A /* Frameworks */,
				0AC800E62BB017AF00F9950A /* Resources */,
			);
			buildRules = (
			);
			dependencies = (
				0AC800EA2BB017AF00F9950A /* PBXTargetDependency */,
			);
			name = MyFinanceUITests;
			packageProductDependencies = (
				0A656BDE2BC6D8B4009FF453 /* ChartLib */,
			);
			productName = MyFinanceUITests;
			productReference = 0AC800E82BB017AF00F9950A /* MyFinanceUITests.xctest */;
			productType = "com.apple.product-type.bundle.ui-testing";
		};
/* End PBXNativeTarget section */

/* Begin PBXProject section */
		0AC800C52BB017AE00F9950A /* Project object */ = {
			isa = PBXProject;
			attributes = {
				BuildIndependentTargetsInParallel = 1;
				LastSwiftUpdateCheck = 1500;
				LastUpgradeCheck = 1500;
				TargetAttributes = {
					0AC800CC2BB017AE00F9950A = {
						CreatedOnToolsVersion = 15.0.1;
					};
					0AC800DD2BB017AF00F9950A = {
						CreatedOnToolsVersion = 15.0.1;
						TestTargetID = 0AC800CC2BB017AE00F9950A;
					};
					0AC800E72BB017AF00F9950A = {
						CreatedOnToolsVersion = 15.0.1;
						TestTargetID = 0AC800CC2BB017AE00F9950A;
					};
				};
			};
			buildConfigurationList = 0AC800C82BB017AE00F9950A /* Build configuration list for PBXProject "MyFinance" */;
			compatibilityVersion = "Xcode 14.0";
			developmentRegion = en;
			hasScannedForEncodings = 0;
			knownRegions = (
				en,
				Base,
			);
			mainGroup = 0AC800C42BB017AE00F9950A;
			productRefGroup = 0AC800CE2BB017AE00F9950A /* Products */;
			projectDirPath = "";
			projectRoot = "";
			targets = (
				0AC800CC2BB017AE00F9950A /* MyFinance */,
				0AC800DD2BB017AF00F9950A /* MyFinanceTests */,
				0AC800E72BB017AF00F9950A /* MyFinanceUITests */,
			);
		};
/* End PBXProject section */

/* Begin PBXResourcesBuildPhase section */
		0AC800CB2BB017AE00F9950A /* Resources */ = {
			isa = PBXResourcesBuildPhase;
			buildActionMask = 2147483647;
			files = (
				0AC800D82BB017AF00F9950A /* Preview Assets.xcassets in Resources */,
				0AC800D52BB017AF00F9950A /* Assets.xcassets in Resources */,
			);
			runOnlyForDeploymentPostprocessing = 0;
		};
		0AC800DC2BB017AF00F9950A /* Resources */ = {
			isa = PBXResourcesBuildPhase;
			buildActionMask = 2147483647;
			files = (
			);
			runOnlyForDeploymentPostprocessing = 0;
		};
		0AC800E62BB017AF00F9950A /* Resources */ = {
			isa = PBXResourcesBuildPhase;
			buildActionMask = 2147483647;
			files = (
			);
			runOnlyForDeploymentPostprocessing = 0;
		};
/* End PBXResourcesBuildPhase section */

/* Begin PBXSourcesBuildPhase section */
		0AC800C92BB017AE00F9950A /* Sources */ = {
			isa = PBXSourcesBuildPhase;
			buildActionMask = 2147483647;
			files = (
				0AC800D32BB017AE00F9950A /* FinanceView.swift in Sources */,
				0AC800FE2BB0773000F9950A /* Extesion+String.swift in Sources */,
				0AC800D12BB017AE00F9950A /* MyFinanceApp.swift in Sources */,
				0AC800FC2BB01BBF00F9950A /* FinanceViewModel.swift in Sources */,
			);
			runOnlyForDeploymentPostprocessing = 0;
		};
		0AC800DA2BB017AF00F9950A /* Sources */ = {
			isa = PBXSourcesBuildPhase;
			buildActionMask = 2147483647;
			files = (
				0AC800E32BB017AF00F9950A /* MyFinanceTests.swift in Sources */,
			);
			runOnlyForDeploymentPostprocessing = 0;
		};
		0AC800E42BB017AF00F9950A /* Sources */ = {
			isa = PBXSourcesBuildPhase;
			buildActionMask = 2147483647;
			files = (
				0AC800ED2BB017AF00F9950A /* MyFinanceUITests.swift in Sources */,
				0AC800EF2BB017AF00F9950A /* MyFinanceUITestsLaunchTests.swift in Sources */,
			);
			runOnlyForDeploymentPostprocessing = 0;
		};
/* End PBXSourcesBuildPhase section */

/* Begin PBXTargetDependency section */
		0AC800E02BB017AF00F9950A /* PBXTargetDependency */ = {
			isa = PBXTargetDependency;
			target = 0AC800CC2BB017AE00F9950A /* MyFinance */;
			targetProxy = 0AC800DF2BB017AF00F9950A /* PBXContainerItemProxy */;
		};
		0AC800EA2BB017AF00F9950A /* PBXTargetDependency */ = {
			isa = PBXTargetDependency;
			target = 0AC800CC2BB017AE00F9950A /* MyFinance */;
			targetProxy = 0AC800E92BB017AF00F9950A /* PBXContainerItemProxy */;
		};
/* End PBXTargetDependency section */

/* Begin XCBuildConfiguration section */
		0AC800F02BB017AF00F9950A /* Debug */ = {
			isa = XCBuildConfiguration;
			buildSettings = {
				ALWAYS_SEARCH_USER_PATHS = NO;
				ASSETCATALOG_COMPILER_GENERATE_SWIFT_ASSET_SYMBOL_EXTENSIONS = YES;
				CLANG_ANALYZER_NONNULL = YES;
				CLANG_ANALYZER_NUMBER_OBJECT_CONVERSION = YES_AGGRESSIVE;
				CLANG_CXX_LANGUAGE_STANDARD = "gnu++20";
				CLANG_ENABLE_MODULES = YES;
				CLANG_ENABLE_OBJC_ARC = YES;
				CLANG_ENABLE_OBJC_WEAK = YES;
				CLANG_WARN_BLOCK_CAPTURE_AUTORELEASING = YES;
				CLANG_WARN_BOOL_CONVERSION = YES;
				CLANG_WARN_COMMA = YES;
				CLANG_WARN_CONSTANT_CONVERSION = YES;
				CLANG_WARN_DEPRECATED_OBJC_IMPLEMENTATIONS = YES;
				CLANG_WARN_DIRECT_OBJC_ISA_USAGE = YES_ERROR;
				CLANG_WARN_DOCUMENTATION_COMMENTS = YES;
				CLANG_WARN_EMPTY_BODY = YES;
				CLANG_WARN_ENUM_CONVERSION = YES;
				CLANG_WARN_INFINITE_RECURSION = YES;
				CLANG_WARN_INT_CONVERSION = YES;
				CLANG_WARN_NON_LITERAL_NULL_CONVERSION = YES;
				CLANG_WARN_OBJC_IMPLICIT_RETAIN_SELF = YES;
				CLANG_WARN_OBJC_LITERAL_CONVERSION = YES;
				CLANG_WARN_OBJC_ROOT_CLASS = YES_ERROR;
				CLANG_WARN_QUOTED_INCLUDE_IN_FRAMEWORK_HEADER = YES;
				CLANG_WARN_RANGE_LOOP_ANALYSIS = YES;
				CLANG_WARN_STRICT_PROTOTYPES = YES;
				CLANG_WARN_SUSPICIOUS_MOVE = YES;
				CLANG_WARN_UNGUARDED_AVAILABILITY = YES_AGGRESSIVE;
				CLANG_WARN_UNREACHABLE_CODE = YES;
				CLANG_WARN__DUPLICATE_METHOD_MATCH = YES;
				COPY_PHASE_STRIP = NO;
				DEBUG_INFORMATION_FORMAT = dwarf;
				ENABLE_STRICT_OBJC_MSGSEND = YES;
				ENABLE_TESTABILITY = YES;
				ENABLE_USER_SCRIPT_SANDBOXING = YES;
				GCC_C_LANGUAGE_STANDARD = gnu17;
				GCC_DYNAMIC_NO_PIC = NO;
				GCC_NO_COMMON_BLOCKS = YES;
				GCC_OPTIMIZATION_LEVEL = 0;
				GCC_PREPROCESSOR_DEFINITIONS = (
					"DEBUG=1",
					"$(inherited)",
				);
				GCC_WARN_64_TO_32_BIT_CONVERSION = YES;
				GCC_WARN_ABOUT_RETURN_TYPE = YES_ERROR;
				GCC_WARN_UNDECLARED_SELECTOR = YES;
				GCC_WARN_UNINITIALIZED_AUTOS = YES_AGGRESSIVE;
				GCC_WARN_UNUSED_FUNCTION = YES;
				GCC_WARN_UNUSED_VARIABLE = YES;
				LOCALIZATION_PREFERS_STRING_CATALOGS = YES;
				MACOSX_DEPLOYMENT_TARGET = 14.0;
				MTL_ENABLE_DEBUG_INFO = INCLUDE_SOURCE;
				MTL_FAST_MATH = YES;
				ONLY_ACTIVE_ARCH = YES;
				SDKROOT = macosx;
				SWIFT_ACTIVE_COMPILATION_CONDITIONS = "DEBUG $(inherited)";
				SWIFT_OPTIMIZATION_LEVEL = "-Onone";
			};
			name = Debug;
		};
		0AC800F12BB017AF00F9950A /* Release */ = {
			isa = XCBuildConfiguration;
			buildSettings = {
				ALWAYS_SEARCH_USER_PATHS = NO;
				ASSETCATALOG_COMPILER_GENERATE_SWIFT_ASSET_SYMBOL_EXTENSIONS = YES;
				CLANG_ANALYZER_NONNULL = YES;
				CLANG_ANALYZER_NUMBER_OBJECT_CONVERSION = YES_AGGRESSIVE;
				CLANG_CXX_LANGUAGE_STANDARD = "gnu++20";
				CLANG_ENABLE_MODULES = YES;
				CLANG_ENABLE_OBJC_ARC = YES;
				CLANG_ENABLE_OBJC_WEAK = YES;
				CLANG_WARN_BLOCK_CAPTURE_AUTORELEASING = YES;
				CLANG_WARN_BOOL_CONVERSION = YES;
				CLANG_WARN_COMMA = YES;
				CLANG_WARN_CONSTANT_CONVERSION = YES;
				CLANG_WARN_DEPRECATED_OBJC_IMPLEMENTATIONS = YES;
				CLANG_WARN_DIRECT_OBJC_ISA_USAGE = YES_ERROR;
				CLANG_WARN_DOCUMENTATION_COMMENTS = YES;
				CLANG_WARN_EMPTY_BODY = YES;
				CLANG_WARN_ENUM_CONVERSION = YES;
				CLANG_WARN_INFINITE_RECURSION = YES;
				CLANG_WARN_INT_CONVERSION = YES;
				CLANG_WARN_NON_LITERAL_NULL_CONVERSION = YES;
				CLANG_WARN_OBJC_IMPLICIT_RETAIN_SELF = YES;
				CLANG_WARN_OBJC_LITERAL_CONVERSION = YES;
				CLANG_WARN_OBJC_ROOT_CLASS = YES_ERROR;
				CLANG_WARN_QUOTED_INCLUDE_IN_FRAMEWORK_HEADER = YES;
				CLANG_WARN_RANGE_LOOP_ANALYSIS = YES;
				CLANG_WARN_STRICT_PROTOTYPES = YES;
				CLANG_WARN_SUSPICIOUS_MOVE = YES;
				CLANG_WARN_UNGUARDED_AVAILABILITY = YES_AGGRESSIVE;
				CLANG_WARN_UNREACHABLE_CODE = YES;
				CLANG_WARN__DUPLICATE_METHOD_MATCH = YES;
				COPY_PHASE_STRIP = NO;
				DEBUG_INFORMATION_FORMAT = "dwarf-with-dsym";
				ENABLE_NS_ASSERTIONS = NO;
				ENABLE_STRICT_OBJC_MSGSEND = YES;
				ENABLE_USER_SCRIPT_SANDBOXING = YES;
				GCC_C_LANGUAGE_STANDARD = gnu17;
				GCC_NO_COMMON_BLOCKS = YES;
				GCC_WARN_64_TO_32_BIT_CONVERSION = YES;
				GCC_WARN_ABOUT_RETURN_TYPE = YES_ERROR;
				GCC_WARN_UNDECLARED_SELECTOR = YES;
				GCC_WARN_UNINITIALIZED_AUTOS = YES_AGGRESSIVE;
				GCC_WARN_UNUSED_FUNCTION = YES;
				GCC_WARN_UNUSED_VARIABLE = YES;
				LOCALIZATION_PREFERS_STRING_CATALOGS = YES;
				MACOSX_DEPLOYMENT_TARGET = 14.0;
				MTL_ENABLE_DEBUG_INFO = NO;
				MTL_FAST_MATH = YES;
				SDKROOT = macosx;
				SWIFT_COMPILATION_MODE = wholemodule;
			};
			name = Release;
		};
		0AC800F32BB017AF00F9950A /* Debug */ = {
			isa = XCBuildConfiguration;
			buildSettings = {
				ASSETCATALOG_COMPILER_APPICON_NAME = AppIcon;
				ASSETCATALOG_COMPILER_GLOBAL_ACCENT_COLOR_NAME = AccentColor;
				CODE_SIGN_ENTITLEMENTS = MyFinance/MyFinance.entitlements;
				CODE_SIGN_STYLE = Automatic;
				COMBINE_HIDPI_IMAGES = YES;
				CURRENT_PROJECT_VERSION = 1;
				DEVELOPMENT_ASSET_PATHS = "\"MyFinance/Preview Content\"";
				DEVELOPMENT_TEAM = PBBT599Q77;
				ENABLE_HARDENED_RUNTIME = YES;
				ENABLE_PREVIEWS = YES;
				GENERATE_INFOPLIST_FILE = YES;
				INFOPLIST_KEY_NSHumanReadableCopyright = "";
				LD_RUNPATH_SEARCH_PATHS = (
					"$(inherited)",
					"@executable_path/../Frameworks",
				);
				MARKETING_VERSION = 1.0;
				PRODUCT_BUNDLE_IDENTIFIER = kevin.MyFinance;
				PRODUCT_NAME = "$(TARGET_NAME)";
				SUPPORTED_PLATFORMS = "iphoneos iphonesimulator";
				SUPPORTS_MACCATALYST = NO;
				SWIFT_EMIT_LOC_STRINGS = YES;
				SWIFT_VERSION = 5.0;
				TARGETED_DEVICE_FAMILY = 1;
			};
			name = Debug;
		};
		0AC800F42BB017AF00F9950A /* Release */ = {
			isa = XCBuildConfiguration;
			buildSettings = {
				ASSETCATALOG_COMPILER_APPICON_NAME = AppIcon;
				ASSETCATALOG_COMPILER_GLOBAL_ACCENT_COLOR_NAME = AccentColor;
				CODE_SIGN_ENTITLEMENTS = MyFinance/MyFinance.entitlements;
				CODE_SIGN_STYLE = Automatic;
				COMBINE_HIDPI_IMAGES = YES;
				CURRENT_PROJECT_VERSION = 1;
				DEVELOPMENT_ASSET_PATHS = "\"MyFinance/Preview Content\"";
				DEVELOPMENT_TEAM = PBBT599Q77;
				ENABLE_HARDENED_RUNTIME = YES;
				ENABLE_PREVIEWS = YES;
				GENERATE_INFOPLIST_FILE = YES;
				INFOPLIST_KEY_NSHumanReadableCopyright = "";
				LD_RUNPATH_SEARCH_PATHS = (
					"$(inherited)",
					"@executable_path/../Frameworks",
				);
				MARKETING_VERSION = 1.0;
				PRODUCT_BUNDLE_IDENTIFIER = kevin.MyFinance;
				PRODUCT_NAME = "$(TARGET_NAME)";
				SUPPORTED_PLATFORMS = "iphoneos iphonesimulator";
				SUPPORTS_MACCATALYST = NO;
				SWIFT_EMIT_LOC_STRINGS = YES;
				SWIFT_VERSION = 5.0;
				TARGETED_DEVICE_FAMILY = 1;
			};
			name = Release;
		};
		0AC800F62BB017AF00F9950A /* Debug */ = {
			isa = XCBuildConfiguration;
			buildSettings = {
				ALWAYS_EMBED_SWIFT_STANDARD_LIBRARIES = YES;
				BUNDLE_LOADER = "$(TEST_HOST)";
				CODE_SIGN_STYLE = Automatic;
				CURRENT_PROJECT_VERSION = 1;
				DEVELOPMENT_TEAM = PBBT599Q77;
				GENERATE_INFOPLIST_FILE = YES;
				MACOSX_DEPLOYMENT_TARGET = 14.0;
				MARKETING_VERSION = 1.0;
				PRODUCT_BUNDLE_IDENTIFIER = kevin.MyFinanceTests;
				PRODUCT_NAME = "$(TARGET_NAME)";
				SUPPORTED_PLATFORMS = "iphoneos iphonesimulator";
				SUPPORTS_MACCATALYST = NO;
				SWIFT_EMIT_LOC_STRINGS = NO;
				SWIFT_VERSION = 5.0;
				TARGETED_DEVICE_FAMILY = 1;
				TEST_HOST = "$(BUILT_PRODUCTS_DIR)/MyFinance.app/$(BUNDLE_EXECUTABLE_FOLDER_PATH)/MyFinance";
			};
			name = Debug;
		};
		0AC800F72BB017AF00F9950A /* Release */ = {
			isa = XCBuildConfiguration;
			buildSettings = {
				ALWAYS_EMBED_SWIFT_STANDARD_LIBRARIES = YES;
				BUNDLE_LOADER = "$(TEST_HOST)";
				CODE_SIGN_STYLE = Automatic;
				CURRENT_PROJECT_VERSION = 1;
				DEVELOPMENT_TEAM = PBBT599Q77;
				GENERATE_INFOPLIST_FILE = YES;
				MACOSX_DEPLOYMENT_TARGET = 14.0;
				MARKETING_VERSION = 1.0;
				PRODUCT_BUNDLE_IDENTIFIER = kevin.MyFinanceTests;
				PRODUCT_NAME = "$(TARGET_NAME)";
				SUPPORTED_PLATFORMS = "iphoneos iphonesimulator";
				SUPPORTS_MACCATALYST = NO;
				SWIFT_EMIT_LOC_STRINGS = NO;
				SWIFT_VERSION = 5.0;
				TARGETED_DEVICE_FAMILY = 1;
				TEST_HOST = "$(BUILT_PRODUCTS_DIR)/MyFinance.app/$(BUNDLE_EXECUTABLE_FOLDER_PATH)/MyFinance";
			};
			name = Release;
		};
		0AC800F92BB017AF00F9950A /* Debug */ = {
			isa = XCBuildConfiguration;
			buildSettings = {
				ALWAYS_EMBED_SWIFT_STANDARD_LIBRARIES = YES;
				CODE_SIGN_STYLE = Automatic;
				CURRENT_PROJECT_VERSION = 1;
				DEVELOPMENT_TEAM = PBBT599Q77;
				GENERATE_INFOPLIST_FILE = YES;
				MARKETING_VERSION = 1.0;
				PRODUCT_BUNDLE_IDENTIFIER = kevin.MyFinanceUITests;
				PRODUCT_NAME = "$(TARGET_NAME)";
				SUPPORTED_PLATFORMS = "iphoneos iphonesimulator";
				SUPPORTS_MACCATALYST = NO;
				SWIFT_EMIT_LOC_STRINGS = NO;
				SWIFT_VERSION = 5.0;
				TARGETED_DEVICE_FAMILY = 1;
				TEST_TARGET_NAME = MyFinance;
			};
			name = Debug;
		};
		0AC800FA2BB017AF00F9950A /* Release */ = {
			isa = XCBuildConfiguration;
			buildSettings = {
				ALWAYS_EMBED_SWIFT_STANDARD_LIBRARIES = YES;
				CODE_SIGN_STYLE = Automatic;
				CURRENT_PROJECT_VERSION = 1;
				DEVELOPMENT_TEAM = PBBT599Q77;
				GENERATE_INFOPLIST_FILE = YES;
				MARKETING_VERSION = 1.0;
				PRODUCT_BUNDLE_IDENTIFIER = kevin.MyFinanceUITests;
				PRODUCT_NAME = "$(TARGET_NAME)";
				SUPPORTED_PLATFORMS = "iphoneos iphonesimulator";
				SUPPORTS_MACCATALYST = NO;
				SWIFT_EMIT_LOC_STRINGS = NO;
				SWIFT_VERSION = 5.0;
				TARGETED_DEVICE_FAMILY = 1;
				TEST_TARGET_NAME = MyFinance;
			};
			name = Release;
		};
/* End XCBuildConfiguration section */

/* Begin XCConfigurationList section */
		0AC800C82BB017AE00F9950A /* Build configuration list for PBXProject "MyFinance" */ = {
			isa = XCConfigurationList;
			buildConfigurations = (
				0AC800F02BB017AF00F9950A /* Debug */,
				0AC800F12BB017AF00F9950A /* Release */,
			);
			defaultConfigurationIsVisible = 0;
			defaultConfigurationName = Release;
		};
		0AC800F22BB017AF00F9950A /* Build configuration list for PBXNativeTarget "MyFinance" */ = {
			isa = XCConfigurationList;
			buildConfigurations = (
				0AC800F32BB017AF00F9950A /* Debug */,
				0AC800F42BB017AF00F9950A /* Release */,
			);
			defaultConfigurationIsVisible = 0;
			defaultConfigurationName = Release;
		};
		0AC800F52BB017AF00F9950A /* Build configuration list for PBXNativeTarget "MyFinanceTests" */ = {
			isa = XCConfigurationList;
			buildConfigurations = (
				0AC800F62BB017AF00F9950A /* Debug */,
				0AC800F72BB017AF00F9950A /* Release */,
			);
			defaultConfigurationIsVisible = 0;
			defaultConfigurationName = Release;
		};
		0AC800F82BB017AF00F9950A /* Build configuration list for PBXNativeTarget "MyFinanceUITests" */ = {
			isa = XCConfigurationList;
			buildConfigurations = (
				0AC800F92BB017AF00F9950A /* Debug */,
				0AC800FA2BB017AF00F9950A /* Release */,
			);
			defaultConfigurationIsVisible = 0;
			defaultConfigurationName = Release;
		};
/* End XCConfigurationList section */

/* Begin XCSwiftPackageProductDependency section */
		0A656BDE2BC6D8B4009FF453 /* ChartLib */ = {
			isa = XCSwiftPackageProductDependency;
			productName = ChartLib;
		};
/* End XCSwiftPackageProductDependency section */
	};
	rootObject = 0AC800C52BB017AE00F9950A /* Project object */;
}
